{
  "version": 4,
  "terraform_version": "1.9.8",
  "serial": 78,
  "lineage": "9f84fac5-e5aa-72aa-ba16-449a782310ad",
  "outputs": {},
  "resources": [
    {
      "mode": "data",
      "type": "yandex_compute_image",
      "name": "ubuntu_2204_lts",
      "provider": "provider[\"registry.terraform.io/yandex-cloud/yandex\"]",
      "instances": [
        {
          "schema_version": 0,
          "attributes": {
            "created_at": "2026-06-08T18:28:24Z",
            "description": "Ubuntu 22.04 lts v20260529030152",
            "family": "ubuntu-2204-lts",
            "folder_id": "standard-images",
            "hardware_generation": [
              {
                "generation2_features": [],
                "legacy_features": [
                  {
                    "pci_topology": "PCI_TOPOLOGY_V2"
                  }
                ]
              }
            ],
            "id": "fd8hrphlcsmi293sjc74",
            "image_id": "fd8hrphlcsmi293sjc74",
            "kms_key_id": null,
            "labels": {
              "version": "20260529030152",
              "x-hopper-operation-id": "d9pv2toi35s5glbi1mrc",
              "x-hopper-source-image-id": "fd8tin9na84erk845ke2"
            },
            "min_disk_size": 8,
            "name": "ubuntu-22-04-lts-v20260608",
            "os_type": "linux",
            "pooled": true,
            "product_ids": [
              "f2emduhgujeil1hhgkg3"
            ],
            "size": 2,
            "status": "ready"
          },
          "sensitive_attributes": []
        }
      ]
    },
    {
      "mode": "managed",
      "type": "local_file",
      "name": "inventory",
      "provider": "provider[\"registry.terraform.io/hashicorp/local\"]",
      "instances": [
        {
          "schema_version": 0,
          "attributes": {
            "content": "[bastion]\n130.193.37.57\n\n[webservers]\n10.0.1.11\n10.0.2.33\n[webservers:vars]\nansible_ssh_common_args='-o ProxyCommand=\"ssh -p 22 -W %h:%p -q user@130.193.37.57\"'\n[databases:vars]\nansible_ssh_common_args='-o ProxyCommand=\"ssh -p 22 -W %h:%p -q user@130.193.37.57\"'\n",
            "content_base64": null,
            "content_base64sha256": "5QFy3m0yGA5Qwny4/8jzaBFlF74FFdJvQbQIGK7Uc/g=",
            "content_base64sha512": "beG19kNcMGcIG2t7ZyN30fEV7vP8M7KKyqdnrpKcNSonOkwPTJRPi11oid9UIo2W+MRzybzlxXTW71WJ9am9pw==",
            "content_md5": "071245247147c1af8404c36a5c9d9c7b",
            "content_sha1": "d6a89f56bb316ec6c32f6c2d671482eb7b43fa89",
            "content_sha256": "e50172de6d32180e50c27cb8ffc8f368116517be0515d26f41b40818aed473f8",
            "content_sha512": "6de1b5f6435c3067081b6b7b672377d1f115eef3fc33b28acaa767ae929c352a273a4c0f4c944f8b5d6889df54228d96f8c473c9bce5c574d6ef5589f5a9bda7",
            "directory_permission": "0777",
            "file_permission": "0777",
            "filename": "./hosts.ini",
            "id": "d6a89f56bb316ec6c32f6c2d671482eb7b43fa89",
            "sensitive_content": null,
            "source": null
          },
          "sensitive_attributes": [
            [
              {
                "type": "get_attr",
                "value": "sensitive_content"
              }
            ]
          ],
          "dependencies": [
            "data.yandex_compute_image.ubuntu_2204_lts",
            "yandex_compute_instance.bastion",
            "yandex_compute_instance.web_a",
            "yandex_compute_instance.web_b",
            "yandex_vpc_gateway.nat_gateway",
            "yandex_vpc_network.develop",
            "yandex_vpc_route_table.rt",
            "yandex_vpc_security_group.LAN",
            "yandex_vpc_security_group.bastion",
            "yandex_vpc_security_group.web_sg",
            "yandex_vpc_subnet.develop_a",
            "yandex_vpc_subnet.develop_b"
          ]
        }
      ]
    },
    {
      "mode": "managed",
      "type": "yandex_compute_instance",
      "name": "bastion",
      "provider": "provider[\"registry.terraform.io/yandex-cloud/yandex\"]",
      "instances": [
        {
          "schema_version": 1,
          "attributes": {
            "allow_recreate": null,
            "allow_stopping_for_update": null,
            "boot_disk": [
              {
                "auto_delete": true,
                "device_name": "fhmgmv79k44gj4st1pmk",
                "disk_id": "fhmgmv79k44gj4st1pmk",
                "initialize_params": [
                  {
                    "block_size": 4096,
                    "description": "",
                    "image_id": "fd8hrphlcsmi293sjc74",
                    "kms_key_id": "",
                    "name": "",
                    "size": 10,
                    "snapshot_id": "",
                    "type": "network-hdd"
                  }
                ],
                "mode": "READ_WRITE"
              }
            ],
            "created_at": "2026-06-10T10:53:14Z",
            "description": "",
            "filesystem": [],
            "folder_id": "b1g0vfurab87gg9r9205",
            "fqdn": "bastion.ru-central1.internal",
            "gpu_cluster_id": "",
            "hardware_generation": [
              {
                "generation2_features": [],
                "legacy_features": [
                  {
                    "pci_topology": "PCI_TOPOLOGY_V2"
                  }
                ]
              }
            ],
            "hostname": "bastion",
            "id": "fhmibpbd7037dg90l6q6",
            "labels": {},
            "local_disk": [],
            "maintenance_grace_period": "",
            "maintenance_policy": null,
            "metadata": {
              "serial-port-enable": "1",
              "user-data": "#cloud-config\nusers:\n  - name: user\n    groups: sudo\n    shell: /bin/bash\n    sudo: [\"ALL=(ALL) NOPASSWD:ALL\"]\n    ssh_authorized_keys:\n      - ssh-ed25519 AAAAC3NzaC1lZDI1NTE5AAAAILCRf8Rlz0tzv1dpF0JCbRkrnNoC9+DQJYAP7e5RDS9C denis@T14Lenovo"
            },
            "metadata_options": [
              {
                "aws_v1_http_endpoint": 1,
                "aws_v1_http_token": 2,
                "aws_v2_http_endpoint": 1,
                "aws_v2_http_token": 1,
                "gce_http_endpoint": 1,
                "gce_http_token": 1
              }
            ],
            "name": "bastion",
            "network_acceleration_type": "standard",
            "network_interface": [
              {
                "dns_record": [],
                "index": 0,
                "ip_address": "10.0.1.3",
                "ipv4": true,
                "ipv6": false,
                "ipv6_address": "",
                "ipv6_dns_record": [],
                "mac_address": "d0:0d:12:5e:56:d3",
                "nat": true,
                "nat_dns_record": [],
                "nat_ip_address": "130.193.37.57",
                "nat_ip_version": "IPV4",
                "security_group_ids": [
                  "enp6e5hg7hnvd281n0v1",
                  "enpbdm2gpr6bci4q6toi"
                ],
                "subnet_id": "e9bo231g8oq6q1bnh81h"
              }
            ],
            "placement_policy": [
              {
                "host_affinity_rules": [],
                "placement_group_id": "",
                "placement_group_partition": 0
              }
            ],
            "platform_id": "standard-v3",
            "resources": [
              {
                "core_fraction": 20,
                "cores": 2,
                "gpus": 0,
                "memory": 1
              }
            ],
            "scheduling_policy": [
              {
                "preemptible": true
              }
            ],
            "secondary_disk": [],
            "service_account_id": "",
            "status": "running",
            "timeouts": null,
            "zone": "ru-central1-a"
          },
          "sensitive_attributes": [],
          "private": "eyJlMmJmYjczMC1lY2FhLTExZTYtOGY4OC0zNDM2M2JjN2M0YzAiOnsiY3JlYXRlIjozMDAwMDAwMDAwMDAsImRlbGV0ZSI6MzAwMDAwMDAwMDAwLCJ1cGRhdGUiOjMwMDAwMDAwMDAwMH0sInNjaGVtYV92ZXJzaW9uIjoiMSJ9",
          "dependencies": [
            "data.yandex_compute_image.ubuntu_2204_lts",
            "yandex_vpc_gateway.nat_gateway",
            "yandex_vpc_network.develop",
            "yandex_vpc_route_table.rt",
            "yandex_vpc_security_group.LAN",
            "yandex_vpc_security_group.bastion",
            "yandex_vpc_subnet.develop_a"
          ]
        }
      ]
    },
    {
      "mode": "managed",
      "type": "yandex_compute_instance",
      "name": "db",
      "provider": "provider[\"registry.terraform.io/yandex-cloud/yandex\"]",
      "instances": [
        {
          "schema_version": 1,
          "attributes": {
            "allow_recreate": null,
            "allow_stopping_for_update": null,
            "boot_disk": [
              {
                "auto_delete": true,
                "device_name": "fhmvapfu4o1cscp3qlij",
                "disk_id": "fhmvapfu4o1cscp3qlij",
                "initialize_params": [
                  {
                    "block_size": 4096,
                    "description": "",
                    "image_id": "fd8hrphlcsmi293sjc74",
                    "kms_key_id": "",
                    "name": "",
                    "size": 10,
                    "snapshot_id": "",
                    "type": "network-hdd"
                  }
                ],
                "mode": "READ_WRITE"
              }
            ],
            "created_at": "2026-06-10T11:04:19Z",
            "description": "",
            "filesystem": [],
            "folder_id": "b1g0vfurab87gg9r9205",
            "fqdn": "db.ru-central1.internal",
            "gpu_cluster_id": "",
            "hardware_generation": [
              {
                "generation2_features": [],
                "legacy_features": [
                  {
                    "pci_topology": "PCI_TOPOLOGY_V2"
                  }
                ]
              }
            ],
            "hostname": "db",
            "id": "fhm67cmttntj0itbak50",
            "labels": null,
            "local_disk": [],
            "maintenance_grace_period": "",
            "maintenance_policy": null,
            "metadata": {
              "serial-port-enable": "1",
              "user-data": "#cloud-config\nusers:\n  - name: user\n    groups: sudo\n    shell: /bin/bash\n    sudo: [\"ALL=(ALL) NOPASSWD:ALL\"]\n    ssh_authorized_keys:\n      - ssh-ed25519 AAAAC3NzaC1lZDI1NTE5AAAAILCRf8Rlz0tzv1dpF0JCbRkrnNoC9+DQJYAP7e5RDS9C denis@T14Lenovo"
            },
            "metadata_options": [
              {
                "aws_v1_http_endpoint": 1,
                "aws_v1_http_token": 2,
                "aws_v2_http_endpoint": 1,
                "aws_v2_http_token": 1,
                "gce_http_endpoint": 1,
                "gce_http_token": 1
              }
            ],
            "name": "db",
            "network_acceleration_type": "standard",
            "network_interface": [
              {
                "dns_record": [],
                "index": 0,
                "ip_address": "10.0.1.30",
                "ipv4": true,
                "ipv6": false,
                "ipv6_address": "",
                "ipv6_dns_record": [],
                "mac_address": "d0:0d:63:b2:dd:ed",
                "nat": false,
                "nat_dns_record": [],
                "nat_ip_address": "",
                "nat_ip_version": "",
                "security_group_ids": [
                  "enpbdm2gpr6bci4q6toi"
                ],
                "subnet_id": "e9bo231g8oq6q1bnh81h"
              }
            ],
            "placement_policy": [
              {
                "host_affinity_rules": [],
                "placement_group_id": "",
                "placement_group_partition": 0
              }
            ],
            "platform_id": "standard-v3",
            "resources": [
              {
                "core_fraction": 20,
                "cores": 2,
                "gpus": 0,
                "memory": 2
              }
            ],
            "scheduling_policy": [
              {
                "preemptible": true
              }
            ],
            "secondary_disk": [],
            "service_account_id": "",
            "status": "running",
            "timeouts": null,
            "zone": "ru-central1-a"
          },
          "sensitive_attributes": [],
          "private": "eyJlMmJmYjczMC1lY2FhLTExZTYtOGY4OC0zNDM2M2JjN2M0YzAiOnsiY3JlYXRlIjozMDAwMDAwMDAwMDAsImRlbGV0ZSI6MzAwMDAwMDAwMDAwLCJ1cGRhdGUiOjMwMDAwMDAwMDAwMH0sInNjaGVtYV92ZXJzaW9uIjoiMSJ9",
          "dependencies": [
            "data.yandex_compute_image.ubuntu_2204_lts",
            "yandex_vpc_gateway.nat_gateway",
            "yandex_vpc_network.develop",
            "yandex_vpc_route_table.rt",
            "yandex_vpc_security_group.LAN",
            "yandex_vpc_subnet.develop_a"
          ]
        }
      ]
    },
    {
      "mode": "managed",
      "type": "yandex_compute_instance",
      "name": "web_a",
      "provider": "provider[\"registry.terraform.io/yandex-cloud/yandex\"]",
      "instances": [
        {
          "schema_version": 1,
          "attributes": {
            "allow_recreate": null,
            "allow_stopping_for_update": null,
            "boot_disk": [
              {
                "auto_delete": true,
                "device_name": "fhmusnr9c7dg6gtev8rq",
                "disk_id": "fhmusnr9c7dg6gtev8rq",
                "initialize_params": [
                  {
                    "block_size": 4096,
                    "description": "",
                    "image_id": "fd8hrphlcsmi293sjc74",
                    "kms_key_id": "",
                    "name": "",
                    "size": 10,
                    "snapshot_id": "",
                    "type": "network-hdd"
                  }
                ],
                "mode": "READ_WRITE"
              }
            ],
            "created_at": "2026-06-10T10:53:13Z",
            "description": "",
            "filesystem": [],
            "folder_id": "b1g0vfurab87gg9r9205",
            "fqdn": "web-a.ru-central1.internal",
            "gpu_cluster_id": "",
            "hardware_generation": [
              {
                "generation2_features": [],
                "legacy_features": [
                  {
                    "pci_topology": "PCI_TOPOLOGY_V2"
                  }
                ]
              }
            ],
            "hostname": "web-a",
            "id": "fhm4294b6p7e9dve8s1r",
            "labels": {},
            "local_disk": [],
            "maintenance_grace_period": "",
            "maintenance_policy": null,
            "metadata": {
              "serial-port-enable": "1",
              "user-data": "#cloud-config\nusers:\n  - name: user\n    groups: sudo\n    shell: /bin/bash\n    sudo: [\"ALL=(ALL) NOPASSWD:ALL\"]\n    ssh_authorized_keys:\n      - ssh-ed25519 AAAAC3NzaC1lZDI1NTE5AAAAILCRf8Rlz0tzv1dpF0JCbRkrnNoC9+DQJYAP7e5RDS9C denis@T14Lenovo"
            },
            "metadata_options": [
              {
                "aws_v1_http_endpoint": 1,
                "aws_v1_http_token": 2,
                "aws_v2_http_endpoint": 1,
                "aws_v2_http_token": 1,
                "gce_http_endpoint": 1,
                "gce_http_token": 1
              }
            ],
            "name": "web-a",
            "network_acceleration_type": "standard",
            "network_interface": [
              {
                "dns_record": [],
                "index": 0,
                "ip_address": "10.0.1.11",
                "ipv4": true,
                "ipv6": false,
                "ipv6_address": "",
                "ipv6_dns_record": [],
                "mac_address": "d0:0d:41:24:8b:36",
                "nat": false,
                "nat_dns_record": [],
                "nat_ip_address": "",
                "nat_ip_version": "",
                "security_group_ids": [
                  "enp1ka706js1pm6e9rcp",
                  "enpbdm2gpr6bci4q6toi"
                ],
                "subnet_id": "e9bo231g8oq6q1bnh81h"
              }
            ],
            "placement_policy": [
              {
                "host_affinity_rules": [],
                "placement_group_id": "",
                "placement_group_partition": 0
              }
            ],
            "platform_id": "standard-v3",
            "resources": [
              {
                "core_fraction": 20,
                "cores": 2,
                "gpus": 0,
                "memory": 1
              }
            ],
            "scheduling_policy": [
              {
                "preemptible": true
              }
            ],
            "secondary_disk": [],
            "service_account_id": "",
            "status": "running",
            "timeouts": null,
            "zone": "ru-central1-a"
          },
          "sensitive_attributes": [],
          "private": "eyJlMmJmYjczMC1lY2FhLTExZTYtOGY4OC0zNDM2M2JjN2M0YzAiOnsiY3JlYXRlIjozMDAwMDAwMDAwMDAsImRlbGV0ZSI6MzAwMDAwMDAwMDAwLCJ1cGRhdGUiOjMwMDAwMDAwMDAwMH0sInNjaGVtYV92ZXJzaW9uIjoiMSJ9",
          "dependencies": [
            "data.yandex_compute_image.ubuntu_2204_lts",
            "yandex_vpc_gateway.nat_gateway",
            "yandex_vpc_network.develop",
            "yandex_vpc_route_table.rt",
            "yandex_vpc_security_group.LAN",
            "yandex_vpc_security_group.web_sg",
            "yandex_vpc_subnet.develop_a"
          ]
        }
      ]
    },
    {
      "mode": "managed",
      "type": "yandex_compute_instance",
      "name": "web_b",
      "provider": "provider[\"registry.terraform.io/yandex-cloud/yandex\"]",
      "instances": [
        {
          "schema_version": 1,
          "attributes": {
            "allow_recreate": null,
            "allow_stopping_for_update": null,
            "boot_disk": [
              {
                "auto_delete": true,
                "device_name": "epdgsqmha2brto4tacth",
                "disk_id": "epdgsqmha2brto4tacth",
                "initialize_params": [
                  {
                    "block_size": 4096,
                    "description": "",
                    "image_id": "fd8hrphlcsmi293sjc74",
                    "kms_key_id": "",
                    "name": "",
                    "size": 10,
                    "snapshot_id": "",
                    "type": "network-hdd"
                  }
                ],
                "mode": "READ_WRITE"
              }
            ],
            "created_at": "2026-06-10T10:53:13Z",
            "description": "",
            "filesystem": [],
            "folder_id": "b1g0vfurab87gg9r9205",
            "fqdn": "web-b.ru-central1.internal",
            "gpu_cluster_id": "",
            "hardware_generation": [
              {
                "generation2_features": [],
                "legacy_features": [
                  {
                    "pci_topology": "PCI_TOPOLOGY_V2"
                  }
                ]
              }
            ],
            "hostname": "web-b",
            "id": "epd16oo032apjelm458j",
            "labels": {},
            "local_disk": [],
            "maintenance_grace_period": "",
            "maintenance_policy": null,
            "metadata": {
              "serial-port-enable": "1",
              "user-data": "#cloud-config\nusers:\n  - name: user\n    groups: sudo\n    shell: /bin/bash\n    sudo: [\"ALL=(ALL) NOPASSWD:ALL\"]\n    ssh_authorized_keys:\n      - ssh-ed25519 AAAAC3NzaC1lZDI1NTE5AAAAILCRf8Rlz0tzv1dpF0JCbRkrnNoC9+DQJYAP7e5RDS9C denis@T14Lenovo"
            },
            "metadata_options": [
              {
                "aws_v1_http_endpoint": 1,
                "aws_v1_http_token": 2,
                "aws_v2_http_endpoint": 1,
                "aws_v2_http_token": 1,
                "gce_http_endpoint": 1,
                "gce_http_token": 1
              }
            ],
            "name": "web-b",
            "network_acceleration_type": "standard",
            "network_interface": [
              {
                "dns_record": [],
                "index": 0,
                "ip_address": "10.0.2.33",
                "ipv4": true,
                "ipv6": false,
                "ipv6_address": "",
                "ipv6_dns_record": [],
                "mac_address": "d0:0d:13:63:00:18",
                "nat": false,
                "nat_dns_record": [],
                "nat_ip_address": "",
                "nat_ip_version": "",
                "security_group_ids": [
                  "enp1ka706js1pm6e9rcp",
                  "enpbdm2gpr6bci4q6toi"
                ],
                "subnet_id": "e2lnlrkoou28n5d966o7"
              }
            ],
            "placement_policy": [
              {
                "host_affinity_rules": [],
                "placement_group_id": "",
                "placement_group_partition": 0
              }
            ],
            "platform_id": "standard-v3",
            "resources": [
              {
                "core_fraction": 20,
                "cores": 2,
                "gpus": 0,
                "memory": 1
              }
            ],
            "scheduling_policy": [
              {
                "preemptible": true
              }
            ],
            "secondary_disk": [],
            "service_account_id": "",
            "status": "running",
            "timeouts": null,
            "zone": "ru-central1-b"
          },
          "sensitive_attributes": [],
          "private": "eyJlMmJmYjczMC1lY2FhLTExZTYtOGY4OC0zNDM2M2JjN2M0YzAiOnsiY3JlYXRlIjozMDAwMDAwMDAwMDAsImRlbGV0ZSI6MzAwMDAwMDAwMDAwLCJ1cGRhdGUiOjMwMDAwMDAwMDAwMH0sInNjaGVtYV92ZXJzaW9uIjoiMSJ9",
          "dependencies": [
            "data.yandex_compute_image.ubuntu_2204_lts",
            "yandex_vpc_gateway.nat_gateway",
            "yandex_vpc_network.develop",
            "yandex_vpc_route_table.rt",
            "yandex_vpc_security_group.LAN",
            "yandex_vpc_security_group.web_sg",
            "yandex_vpc_subnet.develop_b"
          ]
        }
      ]
    },
    {
      "mode": "managed",
      "type": "yandex_compute_instance",
      "name": "wrong_b",
      "provider": "provider[\"registry.terraform.io/yandex-cloud/yandex\"]",
      "instances": [
        {
          "schema_version": 1,
          "attributes": {
            "allow_recreate": null,
            "allow_stopping_for_update": null,
            "boot_disk": [
              {
                "auto_delete": true,
                "device_name": "epdan4cnbi14nm5e69h9",
                "disk_id": "epdan4cnbi14nm5e69h9",
                "initialize_params": [
                  {
                    "block_size": 4096,
                    "description": "",
                    "image_id": "fd8hrphlcsmi293sjc74",
                    "kms_key_id": "",
                    "name": "",
                    "size": 10,
                    "snapshot_id": "",
                    "type": "network-hdd"
                  }
                ],
                "mode": "READ_WRITE"
              }
            ],
            "created_at": "2026-06-10T10:53:13Z",
            "description": "",
            "filesystem": [],
            "folder_id": "b1g0vfurab87gg9r9205",
            "fqdn": "epdblqnq37vja3p026ek.auto.internal",
            "gpu_cluster_id": "",
            "hardware_generation": [
              {
                "generation2_features": [],
                "legacy_features": [
                  {
                    "pci_topology": "PCI_TOPOLOGY_V2"
                  }
                ]
              }
            ],
            "hostname": "",
            "id": "epdblqnq37vja3p026ek",
            "labels": {},
            "local_disk": [],
            "maintenance_grace_period": "",
            "maintenance_policy": null,
            "metadata": {
              "serial-port-enable": "1",
              "user-data": "#cloud-config\nusers:\n  - name: user\n    groups: sudo\n    shell: /bin/bash\n    sudo: [\"ALL=(ALL) NOPASSWD:ALL\"]\n    ssh_authorized_keys:\n      - ssh-ed25519 AAAAC3NzaC1lZDI1NTE5AAAAILCRf8Rlz0tzv1dpF0JCbRkrnNoC9+DQJYAP7e5RDS9C denis@T14Lenovo"
            },
            "metadata_options": [
              {
                "aws_v1_http_endpoint": 1,
                "aws_v1_http_token": 2,
                "aws_v2_http_endpoint": 1,
                "aws_v2_http_token": 1,
                "gce_http_endpoint": 1,
                "gce_http_token": 1
              }
            ],
            "name": "wrong-hostname",
            "network_acceleration_type": "standard",
            "network_interface": [
              {
                "dns_record": [],
                "index": 0,
                "ip_address": "10.0.2.19",
                "ipv4": true,
                "ipv6": false,
                "ipv6_address": "",
                "ipv6_dns_record": [],
                "mac_address": "d0:0d:ba:ea:fa:19",
                "nat": false,
                "nat_dns_record": [],
                "nat_ip_address": "",
                "nat_ip_version": "",
                "security_group_ids": [
                  "enp1ka706js1pm6e9rcp",
                  "enpbdm2gpr6bci4q6toi"
                ],
                "subnet_id": "e2lnlrkoou28n5d966o7"
              }
            ],
            "placement_policy": [
              {
                "host_affinity_rules": [],
                "placement_group_id": "",
                "placement_group_partition": 0
              }
            ],
            "platform_id": "standard-v3",
            "resources": [
              {
                "core_fraction": 20,
                "cores": 2,
                "gpus": 0,
                "memory": 1
              }
            ],
            "scheduling_policy": [
              {
                "preemptible": true
              }
            ],
            "secondary_disk": [],
            "service_account_id": "",
            "status": "running",
            "timeouts": null,
            "zone": "ru-central1-b"
          },
          "sensitive_attributes": [],
          "private": "eyJlMmJmYjczMC1lY2FhLTExZTYtOGY4OC0zNDM2M2JjN2M0YzAiOnsiY3JlYXRlIjozMDAwMDAwMDAwMDAsImRlbGV0ZSI6MzAwMDAwMDAwMDAwLCJ1cGRhdGUiOjMwMDAwMDAwMDAwMH0sInNjaGVtYV92ZXJzaW9uIjoiMSJ9",
          "dependencies": [
            "data.yandex_compute_image.ubuntu_2204_lts",
            "yandex_vpc_gateway.nat_gateway",
            "yandex_vpc_network.develop",
            "yandex_vpc_route_table.rt",
            "yandex_vpc_security_group.LAN",
            "yandex_vpc_security_group.web_sg",
            "yandex_vpc_subnet.develop_b"
          ]
        }
      ]
    },
    {
      "mode": "managed",
      "type": "yandex_vpc_gateway",
      "name": "nat_gateway",
      "provider": "provider[\"registry.terraform.io/yandex-cloud/yandex\"]",
      "instances": [
        {
          "schema_version": 0,
          "attributes": {
            "created_at": "2026-06-10T10:53:08Z",
            "description": "",
            "folder_id": "b1g0vfurab87gg9r9205",
            "id": "enpkq19qmfea2uebs0ot",
            "labels": {},
            "name": "fops-gateway-24-01",
            "shared_egress_gateway": [
              {}
            ],
            "timeouts": null
          },
          "sensitive_attributes": [],
          "private": "eyJlMmJmYjczMC1lY2FhLTExZTYtOGY4OC0zNDM2M2JjN2M0YzAiOnsiY3JlYXRlIjo2MDAwMDAwMDAwMCwiZGVsZXRlIjo2MDAwMDAwMDAwMCwidXBkYXRlIjo2MDAwMDAwMDAwMH19"
        }
      ]
    },
    {
      "mode": "managed",
      "type": "yandex_vpc_network",
      "name": "develop",
      "provider": "provider[\"registry.terraform.io/yandex-cloud/yandex\"]",
      "instances": [
        {
          "schema_version": 0,
          "attributes": {
            "created_at": "2026-06-10T10:53:08Z",
            "default_security_group_id": "enpdt3tk3f19c000nodc",
            "description": "",
            "folder_id": "b1g0vfurab87gg9r9205",
            "id": "enp6otore7qb8r1leiph",
            "labels": {},
            "name": "develop-fops-24-01",
            "subnet_ids": [
              "e2lnlrkoou28n5d966o7",
              "e9bo231g8oq6q1bnh81h"
            ],
            "timeouts": null
          },
          "sensitive_attributes": [],
          "private": "eyJlMmJmYjczMC1lY2FhLTExZTYtOGY4OC0zNDM2M2JjN2M0YzAiOnsiY3JlYXRlIjo2MDAwMDAwMDAwMCwiZGVsZXRlIjo2MDAwMDAwMDAwMCwidXBkYXRlIjo2MDAwMDAwMDAwMH19"
        }
      ]
    },
    {
      "mode": "managed",
      "type": "yandex_vpc_route_table",
      "name": "rt",
      "provider": "provider[\"registry.terraform.io/yandex-cloud/yandex\"]",
      "instances": [
        {
          "schema_version": 0,
          "attributes": {
            "created_at": "2026-06-10T10:53:10Z",
            "description": "",
            "folder_id": "b1g0vfurab87gg9r9205",
            "id": "enpmjhk4ink1icigt788",
            "labels": {},
            "name": "fops-route-table-24-01",
            "network_id": "enp6otore7qb8r1leiph",
            "static_route": [
              {
                "destination_prefix": "0.0.0.0/0",
                "gateway_id": "enpkq19qmfea2uebs0ot",
                "next_hop_address": ""
              }
            ],
            "timeouts": null
          },
          "sensitive_attributes": [],
          "private": "eyJlMmJmYjczMC1lY2FhLTExZTYtOGY4OC0zNDM2M2JjN2M0YzAiOnsiY3JlYXRlIjoxODAwMDAwMDAwMDAsImRlbGV0ZSI6MTgwMDAwMDAwMDAwLCJ1cGRhdGUiOjE4MDAwMDAwMDAwMH19",
          "dependencies": [
            "yandex_vpc_gateway.nat_gateway",
            "yandex_vpc_network.develop"
          ]
        }
      ]
    },
    {
      "mode": "managed",
      "type": "yandex_vpc_security_group",
      "name": "LAN",
      "provider": "provider[\"registry.terraform.io/yandex-cloud/yandex\"]",
      "instances": [
        {
          "schema_version": 0,
          "attributes": {
            "created_at": "2026-06-10T10:53:12Z",
            "description": "",
            "egress": [
              {
                "description": "Permit ANY",
                "from_port": 0,
                "id": "enpb6q6c2jiap4o4680b",
                "labels": {},
                "port": -1,
                "predefined_target": "",
                "protocol": "ANY",
                "security_group_id": "",
                "to_port": 65535,
                "v4_cidr_blocks": [
                  "0.0.0.0/0"
                ],
                "v6_cidr_blocks": []
              }
            ],
            "folder_id": "b1g0vfurab87gg9r9205",
            "id": "enpbdm2gpr6bci4q6toi",
            "ingress": [
              {
                "description": "Allow 10.0.0.0/8",
                "from_port": 0,
                "id": "enpa1ub3mom14fsh73p6",
                "labels": {},
                "port": -1,
                "predefined_target": "",
                "protocol": "ANY",
                "security_group_id": "",
                "to_port": 65535,
                "v4_cidr_blocks": [
                  "10.0.0.0/8"
                ],
                "v6_cidr_blocks": []
              }
            ],
            "labels": {},
            "name": "LAN-sg-24-01",
            "network_id": "enp6otore7qb8r1leiph",
            "status": "ACTIVE",
            "timeouts": null
          },
          "sensitive_attributes": [],
          "private": "eyJlMmJmYjczMC1lY2FhLTExZTYtOGY4OC0zNDM2M2JjN2M0YzAiOnsiY3JlYXRlIjoxODAwMDAwMDAwMDAsImRlbGV0ZSI6MTgwMDAwMDAwMDAwLCJ1cGRhdGUiOjE4MDAwMDAwMDAwMH19",
          "dependencies": [
            "yandex_vpc_network.develop"
          ]
        }
      ]
    },
    {
      "mode": "managed",
      "type": "yandex_vpc_security_group",
      "name": "bastion",
      "provider": "provider[\"registry.terraform.io/yandex-cloud/yandex\"]",
      "instances": [
        {
          "schema_version": 0,
          "attributes": {
            "created_at": "2026-06-10T10:53:13Z",
            "description": "",
            "egress": [
              {
                "description": "Permit ANY",
                "from_port": 0,
                "id": "enpaddqs66sr8jrqavne",
                "labels": {},
                "port": -1,
                "predefined_target": "",
                "protocol": "ANY",
                "security_group_id": "",
                "to_port": 65535,
                "v4_cidr_blocks": [
                  "0.0.0.0/0"
                ],
                "v6_cidr_blocks": []
              }
            ],
            "folder_id": "b1g0vfurab87gg9r9205",
            "id": "enp6e5hg7hnvd281n0v1",
            "ingress": [
              {
                "description": "Allow 0.0.0.0/0",
                "from_port": -1,
                "id": "enpgmrr9brlaorgpdm2e",
                "labels": {},
                "port": 22,
                "predefined_target": "",
                "protocol": "TCP",
                "security_group_id": "",
                "to_port": -1,
                "v4_cidr_blocks": [
                  "0.0.0.0/0"
                ],
                "v6_cidr_blocks": []
              }
            ],
            "labels": {},
            "name": "bastion-sg-24-01",
            "network_id": "enp6otore7qb8r1leiph",
            "status": "ACTIVE",
            "timeouts": null
          },
          "sensitive_attributes": [],
          "private": "eyJlMmJmYjczMC1lY2FhLTExZTYtOGY4OC0zNDM2M2JjN2M0YzAiOnsiY3JlYXRlIjoxODAwMDAwMDAwMDAsImRlbGV0ZSI6MTgwMDAwMDAwMDAwLCJ1cGRhdGUiOjE4MDAwMDAwMDAwMH19",
          "dependencies": [
            "yandex_vpc_network.develop"
          ]
        }
      ]
    },
    {
      "mode": "managed",
      "type": "yandex_vpc_security_group",
      "name": "web_sg",
      "provider": "provider[\"registry.terraform.io/yandex-cloud/yandex\"]",
      "instances": [
        {
          "schema_version": 0,
          "attributes": {
            "created_at": "2026-06-10T10:53:10Z",
            "description": "",
            "egress": [],
            "folder_id": "b1g0vfurab87gg9r9205",
            "id": "enp1ka706js1pm6e9rcp",
            "ingress": [
              {
                "description": "Allow HTTP",
                "from_port": -1,
                "id": "enpdt4l5ribn1r578ri5",
                "labels": {},
                "port": 80,
                "predefined_target": "",
                "protocol": "TCP",
                "security_group_id": "",
                "to_port": -1,
                "v4_cidr_blocks": [
                  "0.0.0.0/0"
                ],
                "v6_cidr_blocks": []
              },
              {
                "description": "Allow HTTPS",
                "from_port": -1,
                "id": "enpba9c53jd3q5qkffi8",
                "labels": {},
                "port": 443,
                "predefined_target": "",
                "protocol": "TCP",
                "security_group_id": "",
                "to_port": -1,
                "v4_cidr_blocks": [
                  "0.0.0.0/0"
                ],
                "v6_cidr_blocks": []
              }
            ],
            "labels": {},
            "name": "web-sg-24-01",
            "network_id": "enp6otore7qb8r1leiph",
            "status": "ACTIVE",
            "timeouts": null
          },
          "sensitive_attributes": [],
          "private": "eyJlMmJmYjczMC1lY2FhLTExZTYtOGY4OC0zNDM2M2JjN2M0YzAiOnsiY3JlYXRlIjoxODAwMDAwMDAwMDAsImRlbGV0ZSI6MTgwMDAwMDAwMDAwLCJ1cGRhdGUiOjE4MDAwMDAwMDAwMH19",
          "dependencies": [
            "yandex_vpc_network.develop"
          ]
        }
      ]
    },
    {
      "mode": "managed",
      "type": "yandex_vpc_subnet",
      "name": "develop_a",
      "provider": "provider[\"registry.terraform.io/yandex-cloud/yandex\"]",
      "instances": [
        {
          "schema_version": 0,
          "attributes": {
            "created_at": "2026-06-10T10:53:11Z",
            "description": "",
            "dhcp_options": [],
            "folder_id": "b1g0vfurab87gg9r9205",
            "id": "e9bo231g8oq6q1bnh81h",
            "labels": {},
            "name": "develop-fops-24-01-ru-central1-a",
            "network_id": "enp6otore7qb8r1leiph",
            "route_table_id": "enpmjhk4ink1icigt788",
            "timeouts": null,
            "v4_cidr_blocks": [
              "10.0.1.0/24"
            ],
            "v6_cidr_blocks": [],
            "zone": "ru-central1-a"
          },
          "sensitive_attributes": [],
          "private": "eyJlMmJmYjczMC1lY2FhLTExZTYtOGY4OC0zNDM2M2JjN2M0YzAiOnsiY3JlYXRlIjoxODAwMDAwMDAwMDAsImRlbGV0ZSI6MTgwMDAwMDAwMDAwLCJ1cGRhdGUiOjE4MDAwMDAwMDAwMH19",
          "dependencies": [
            "yandex_vpc_gateway.nat_gateway",
            "yandex_vpc_network.develop",
            "yandex_vpc_route_table.rt"
          ]
        }
      ]
    },
    {
      "mode": "managed",
      "type": "yandex_vpc_subnet",
      "name": "develop_b",
      "provider": "provider[\"registry.terraform.io/yandex-cloud/yandex\"]",
      "instances": [
        {
          "schema_version": 0,
          "attributes": {
            "created_at": "2026-06-10T10:53:11Z",
            "description": "",
            "dhcp_options": [],
            "folder_id": "b1g0vfurab87gg9r9205",
            "id": "e2lnlrkoou28n5d966o7",
            "labels": {},
            "name": "develop-fops-24-01-ru-central1-b",
            "network_id": "enp6otore7qb8r1leiph",
            "route_table_id": "enpmjhk4ink1icigt788",
            "timeouts": null,
            "v4_cidr_blocks": [
              "10.0.2.0/24"
            ],
            "v6_cidr_blocks": [],
            "zone": "ru-central1-b"
          },
          "sensitive_attributes": [],
          "private": "eyJlMmJmYjczMC1lY2FhLTExZTYtOGY4OC0zNDM2M2JjN2M0YzAiOnsiY3JlYXRlIjoxODAwMDAwMDAwMDAsImRlbGV0ZSI6MTgwMDAwMDAwMDAwLCJ1cGRhdGUiOjE4MDAwMDAwMDAwMH19",
          "dependencies": [
            "yandex_vpc_gateway.nat_gateway",
            "yandex_vpc_network.develop",
            "yandex_vpc_route_table.rt"
          ]
        }
      ]
    }
  ],
  "check_results": null
}
